
Microsoft Visual Studio Solution File, Format Version 12.00
# Visual Studio 15
VisualStudioVersion = 15.0.28307.421
MinimumVisualStudioVersion = 10.0.40219.1
Project("{FAE04EC0-301F-11D3-BF4B-00C04F79EFBC}") = "NugetPack", "NugetPack\NugetPack.csproj", "{DB66393A-200B-44C9-833F-591BC81E6C0A}"
EndProject
Global
	GlobalSection(SolutionConfigurationPlatforms) = preSolution
		Debug|Any CPU = Debug|Any CPU
		Release|Any CPU = Release|Any CPU
	EndGlobalSection
	GlobalSection(ProjectConfigurationPlatforms) = postSolution
		{DB66393A-200B-44C9-833F-591BC81E6C0A}.Debug|Any CPU.ActiveCfg = Debug|Any CPU
		{DB66393A-200B-44C9-833F-591BC81E6C0A}.Debug|Any CPU.Build.0 = Debug|Any CPU
		{DB66393A-200B-44C9-833F-591BC81E6C0A}.Release|Any CPU.ActiveCfg = Release|Any CPU
		{DB66393A-200B-44C9-833F-591BC81E6C0A}.Release|Any CPU.Build.0 = Release|Any CPU
	EndGlobalSection
	GlobalSection(SolutionProperties) = preSolution
		HideSolutionNode = FALSE
	EndGlobalSection
	GlobalSection(ExtensibilityGlobals) = postSolution
		SolutionGuid = {CC0F90C8-462C-4481-BF9A-43AC0BC300F0}
	EndGlobalSection
EndGlobal
